<?xml version="1.0" encoding="utf-8"?>
<Project ToolsVersion="4.0" xmlns="http://schemas.microsoft.com/developer/msbuild/2003">
  <ItemGroup>
    <Filter Include="Source Files">
      <UniqueIdentifier>{4FC737F1-C7A5-4376-A066-2A32D752A2FF}</UniqueIdentifier>
      <Extensions>cpp;c;cc;cxx;def;odl;idl;hpj;bat;asm;asmx</Extensions>
    </Filter>
    <Filter Include="Header Files">
      <UniqueIdentifier>{93995380-89BD-4b04-88EB-625FBE52EBFB}</UniqueIdentifier>
      <Extensions>h;hh;hpp;hxx;hm;inl;inc;ipp;xsd</Extensions>
    </Filter>
    <Filter Include="Resource Files">
      <UniqueIdentifier>{67DA6AB6-F800-4c08-8B7A-83BB121AAD01}</UniqueIdentifier>
      <Extensions>rc;ico;cur;bmp;dlg;rc2;rct;bin;rgs;gif;jpg;jpeg;jpe;resx;tiff;tif;png;wav;mfcribbon-ms</Extensions>
    </Filter>
    <Filter Include="Source Files\Binary_Search">
      <UniqueIdentifier>{6440166e-60c9-489b-b1f1-cd6a675a1b46}</UniqueIdentifier>
    </Filter>
    <Filter Include="Header Files\Binary_Search">
      <UniqueIdentifier>{a8899713-b807-40e4-a691-9fc9a466d464}</UniqueIdentifier>
    </Filter>
    <Filter Include="Header Files\FullPermutation">
      <UniqueIdentifier>{577e9ec3-1978-46be-b196-0e5c7fbce338}</UniqueIdentifier>
    </Filter>
    <Filter Include="Source Files\FullPermutation">
      <UniqueIdentifier>{4eadcb45-246b-46ec-8cc6-cfeb1f98c085}</UniqueIdentifier>
    </Filter>
  </ItemGroup>
  <ItemGroup>
    <ClCompile Include="MyProject.cpp">
      <Filter>Source Files</Filter>
    </ClCompile>
    <ClCompile Include="BinarySearch.cpp">
      <Filter>Source Files\Binary_Search</Filter>
    </ClCompile>
    <ClCompile Include="FullPermutation\measuremethod.cpp">
      <Filter>Source Files\FullPermutation</Filter>
    </ClCompile>
  </ItemGroup>
  <ItemGroup>
    <ClInclude Include="BinarySearch.h">
      <Filter>Header Files\Binary_Search</Filter>
    </ClInclude>
    <ClInclude Include="FullPermutation\measuremethod.h">
      <Filter>Header Files\FullPermutation</Filter>
    </ClInclude>
  </ItemGroup>
</Project>